
Microsoft Visual Studio Solution File, Format Version 12.00
# Visual Studio Version 16
VisualStudioVersion = 16.0.30804.86
MinimumVisualStudioVersion = 10.0.40219.1
Project("{FAE04EC0-301F-11D3-BF4B-00C04F79EFBC}") = "Web", "Web\Web.csproj", "{61685562-B30C-4B07-84BE-C7555984369A}"
EndProject
Project("{FAE04EC0-301F-11D3-BF4B-00C04F79EFBC}") = "Core", "Core\Core.csproj", "{53561D25-0B4B-430C-AC8B-B4AF22C793AF}"
EndProject
Project("{FAE04EC0-301F-11D3-BF4B-00C04F79EFBC}") = "Infrastructure", "Infrastructure\Infrastructure.csproj", "{136F347F-A4F9-4A32-942B-29F04C874BD6}"
EndProject
Global
	GlobalSection(SolutionConfigurationPlatforms) = preSolution
		Debug|Any CPU = Debug|Any CPU
		Release|Any CPU = Release|Any CPU
	EndGlobalSection
	GlobalSection(ProjectConfigurationPlatforms) = postSolution
		{61685562-B30C-4B07-84BE-C7555984369A}.Debug|Any CPU.ActiveCfg = Debug|Any CPU
		{61685562-B30C-4B07-84BE-C7555984369A}.Debug|Any CPU.Build.0 = Debug|Any CPU
		{61685562-B30C-4B07-84BE-C7555984369A}.Release|Any CPU.ActiveCfg = Release|Any CPU
		{61685562-B30C-4B07-84BE-C7555984369A}.Release|Any CPU.Build.0 = Release|Any CPU
		{53561D25-0B4B-430C-AC8B-B4AF22C793AF}.Debug|Any CPU.ActiveCfg = Debug|Any CPU
		{53561D25-0B4B-430C-AC8B-B4AF22C793AF}.Debug|Any CPU.Build.0 = Debug|Any CPU
		{53561D25-0B4B-430C-AC8B-B4AF22C793AF}.Release|Any CPU.ActiveCfg = Release|Any CPU
		{53561D25-0B4B-430C-AC8B-B4AF22C793AF}.Release|Any CPU.Build.0 = Release|Any CPU
		{136F347F-A4F9-4A32-942B-29F04C874BD6}.Debug|Any CPU.ActiveCfg = Debug|Any CPU
		{136F347F-A4F9-4A32-942B-29F04C874BD6}.Debug|Any CPU.Build.0 = Debug|Any CPU
		{136F347F-A4F9-4A32-942B-29F04C874BD6}.Release|Any CPU.ActiveCfg = Release|Any CPU
		{136F347F-A4F9-4A32-942B-29F04C874BD6}.Release|Any CPU.Build.0 = Release|Any CPU
	EndGlobalSection
	GlobalSection(SolutionProperties) = preSolution
		HideSolutionNode = FALSE
	EndGlobalSection
	GlobalSection(ExtensibilityGlobals) = postSolution
		SolutionGuid = {541AF739-63D4-4269-B567-A1C3AECBC2E1}
	EndGlobalSection
EndGlobal
